
Microsoft Visual Studio Solution File, Format Version 12.00
# Visual Studio Version 16
VisualStudioVersion = 16.0.29519.87
MinimumVisualStudioVersion = 10.0.40219.1
Project("{FAE04EC0-301F-11D3-BF4B-00C04F79EFBC}") = "New Bitcoin Calculator", "New Bitcoin Calculator\New Bitcoin Calculator.csproj", "{32F977AA-0120-4504-BCBC-0CAAF97763AA}"
EndProject
Global
	GlobalSection(SolutionConfigurationPlatforms) = preSolution
		Debug|Any CPU = Debug|Any CPU
		Release|Any CPU = Release|Any CPU
	EndGlobalSection
	GlobalSection(ProjectConfigurationPlatforms) = postSolution
		{32F977AA-0120-4504-BCBC-0CAAF97763AA}.Debug|Any CPU.ActiveCfg = Debug|Any CPU
		{32F977AA-0120-4504-BCBC-0CAAF97763AA}.Debug|Any CPU.Build.0 = Debug|Any CPU
		{32F977AA-0120-4504-BCBC-0CAAF97763AA}.Release|Any CPU.ActiveCfg = Release|Any CPU
		{32F977AA-0120-4504-BCBC-0CAAF97763AA}.Release|Any CPU.Build.0 = Release|Any CPU
	EndGlobalSection
	GlobalSection(SolutionProperties) = preSolution
		HideSolutionNode = FALSE
	EndGlobalSection
	GlobalSection(ExtensibilityGlobals) = postSolution
		SolutionGuid = {1AA34DF2-7398-41EC-A8AF-34DB1232B81E}
	EndGlobalSection
EndGlobal
